
Microsoft Visual Studio Solution File, Format Version 12.00
# Visual Studio Version 17
VisualStudioVersion = 17.2.32630.192
MinimumVisualStudioVersion = 10.0.40219.1
Project("{FAE04EC0-301F-11D3-BF4B-00C04F79EFBC}") = "FurnitureSales", "FurnitureSales\FurnitureSales.csproj", "{C96B0A97-27F5-4618-82B7-4B24B7EA3ACB}"
EndProject
Global
	GlobalSection(SolutionConfigurationPlatforms) = preSolution
		Debug|Any CPU = Debug|Any CPU
		Release|Any CPU = Release|Any CPU
	EndGlobalSection
	GlobalSection(ProjectConfigurationPlatforms) = postSolution
		{C96B0A97-27F5-4618-82B7-4B24B7EA3ACB}.Debug|Any CPU.ActiveCfg = Debug|Any CPU
		{C96B0A97-27F5-4618-82B7-4B24B7EA3ACB}.Debug|Any CPU.Build.0 = Debug|Any CPU
		{C96B0A97-27F5-4618-82B7-4B24B7EA3ACB}.Release|Any CPU.ActiveCfg = Release|Any CPU
		{C96B0A97-27F5-4618-82B7-4B24B7EA3ACB}.Release|Any CPU.Build.0 = Release|Any CPU
	EndGlobalSection
	GlobalSection(SolutionProperties) = preSolution
		HideSolutionNode = FALSE
	EndGlobalSection
	GlobalSection(ExtensibilityGlobals) = postSolution
		SolutionGuid = {4AB3B3B5-C049-4E89-ADFC-39A37CB88AA6}
	EndGlobalSection
EndGlobal
